github.com/aws/aws-sdk-go-v2 v1.16.8/go.mod h1:6CpKuLXg2w7If3ABZCl/qZ6rEgwtjZTn4eAf4RcEyuw=
github.com/aws/aws-sdk-go-v2 v1.16.12 h1:wbMYa2PlFysFx2GLIQojr6FJV5+OWCM/BwyHXARxETA=
github.com/aws/aws-sdk-go-v2 v1.16.12/go.mod h1:C+Ym0ag2LIghJbXhfXZ0YEEp49rBWowxKzJLUoob0ts=
github.com/aws/aws-sdk-go-v2/aws/protocol/eventstream v1.4.3/go.mod h1:gNsR5CaXKmQSSzrmGxmwmct/r+ZBfbxorAuXYsj/M5Y=
github.com/aws/aws-sdk-go-v2/aws/protocol/eventstream v1.4.5 h1:7A1nDFvkVlBmMa69QMLkw/m/DDHm6PUluIYK61aQoOY=
github.com/aws/aws-sdk-go-v2/aws/protocol/eventstream v1.4.5/go.mod h1:DnlOnWR2YuzMXNSHHNuoklObUE3SwWlcRTGL/zL+Aj8=
github.com/aws/aws-sdk-go-v2/config v1.15.15 h1:yBV+J7Au5KZwOIrIYhYkTGJbifZPCkAnCFSvGsF3ui8=
github.com/aws/aws-sdk-go-v2/config v1.15.15/go.mod h1:A1Lzyy/o21I5/s2FbyX5AevQfSVXpvvIDCoVFD0BC4E=
github.com/aws/aws-sdk-go-v2/credentials v1.12.10 h1:7gGcMQePejwiKoDWjB9cWnpfVdnz/e5JwJFuT6OrroI=
github.com/aws/aws-sdk-go-v2/credentials v1.12.10/go.mod h1:g5eIM5XRs/OzIIK81QMBl+dAuDyoLN0VYaLP+tBqEOk=
github.com/aws/aws-sdk-go-v2/feature/ec2/imds v1.12.9 h1:hz8tc+OW17YqxyFFPSkvfSikbqWcyyHRyPVSTzC0+aI=
github.com/aws/aws-sdk-go-v2/feature/ec2/imds v1.12.9/go.mod h1:KDCCm4ONIdHtUloDcFvK2+vshZvx4Zmj7UMDfusuz5s=
github.com/aws/aws-sdk-go-v2/feature/s3/manager v1.11.21 h1:bpiKFJ9aC0xTVpygSRRRL/YHC1JZ+pHQHENATHuoiwo=
github.com/aws/aws-sdk-go-v2/feature/s3/manager v1.11.21/go.mod h1:iIYPrQ2rYfZiB/iADYlhj9HHZ9TTi6PqKQPAqygohbE=
github.com/aws/aws-sdk-go-v2/internal/configsources v1.1.15/go.mod h1:pWrr2OoHlT7M/Pd2y4HV3gJyPb3qj5qMmnPkKSNPYK4=
github.com/aws/aws-sdk-go-v2/internal/configsources v1.1.19 h1:gC5mudiFrWGhzcdoWj1iCGUfrzCpQG0MQIQf0CXFFQQ=
github.com/aws/aws-sdk-go-v2/internal/configsources v1.1.19/go.mod h1:llxE6bwUZhuCas0K7qGiu5OgMis3N7kdWtFSxoHmJ7E=
github.com/aws/aws-sdk-go-v2/internal/endpoints/v2 v2.4.9/go.mod h1:08tUpeSGN33QKSO7fwxXczNfiwCpbj+GxK6XKwqWVv0=
github.com/aws/aws-sdk-go-v2/internal/endpoints/v2 v2.4.13 h1:qezY57na06d6kSE7uuB0N7XEflu914AXx/hg2L8Ykcw=
github.com/aws/aws-sdk-go-v2/internal/endpoints/v2 v2.4.13/go.mod h1:lB12mkZqCSo5PsdBFLNqc2M/OOYgNAy8UtaktyuWvE8=
github.com/aws/aws-sdk-go-v2/internal/ini v1.3.16 h1:f0ySVcmQhwmzn7zQozd8wBM3yuGBfzdpsOaKQ0/Epzw=
github.com/aws/aws-sdk-go-v2/internal/ini v1.3.16/go.mod h1:CYmI+7x03jjJih8kBEEFKRQc40UjUokT0k7GbvrhhTc=
github.com/aws/aws-sdk-go-v2/internal/v4a v1.0.6/go.mod h1:O7Oc4peGZDEKlddivslfYFvAbgzvl/GH3J8j3JIGBXc=
github.com/aws/aws-sdk-go-v2/internal/v4a v1.0.10 h1:233xgzn4lsBeN7qgG+k2kLquzBk35WB+nIhPMeK0h/Q=
github.com/aws/aws-sdk-go-v2/internal/v4a v1.0.10/go.mod h1:1nl/nuVB6+UOpiyYJBfyhCzsX8fJAL6fCVcbtPIIV4w=
github.com/aws/aws-sdk-go-v2/service/internal/accept-encoding v1.9.3/go.mod h1:gkb2qADY+OHaGLKNTYxMaQNacfeyQpZ4csDTQMeFmcw=
github.com/aws/aws-sdk-go-v2/service/internal/accept-encoding v1.9.6 h1:Z0Yw2qkgPZVGbOR70snGRAlBR0QIGPLkHoNhR4+7hbY=
github.com/aws/aws-sdk-go-v2/service/internal/accept-encoding v1.9.6/go.mod h1:Slj62rcu4BKdMAH0wqeP0fUkW1b1bkCxcSP+ZY5cevE=
github.com/aws/aws-sdk-go-v2/service/internal/checksum v1.1.10/go.mod h1:Qks+dxK3O+Z2deAhNo6cJ8ls1bam3tUGUAcgxQP1c70=
github.com/aws/aws-sdk-go-v2/service/internal/checksum v1.1.14 h1:NWR21daQBDyY4WChz4Gd78QuCPorUJiSHg7r1OWvfgA=
github.com/aws/aws-sdk-go-v2/service/internal/checksum v1.1.14/go.mod h1:Yz4G3rD1LtBcg6gIYtJtpoEjts9IZMHiamdm3F1xtNA=
github.com/aws/aws-sdk-go-v2/service/internal/presigned-url v1.9.9/go.mod h1:yQowTpvdZkFVuHrLBXmczat4W+WJKg/PafBZnGBLga0=
github.com/aws/aws-sdk-go-v2/service/internal/presigned-url v1.9.13 h1:ObfthqDyhe7rMAOa7pqft6974VHIk8BAJB7kYdoIfTA=
github.com/aws/aws-sdk-go-v2/service/internal/presigned-url v1.9.13/go.mod h1:V390DK4MQxLpDdXxFqizyz8KUxuWImkW/xzgXMz0yyk=
github.com/aws/aws-sdk-go-v2/service/internal/s3shared v1.13.9/go.mod h1:Rc5+wn2k8gFSi3V1Ch4mhxOzjMh+bYSXVFfVaqowQOY=
github.com/aws/aws-sdk-go-v2/service/internal/s3shared v1.13.13 h1:h1equp9qdWANft5cmtDUditRlALvE7tuaHs2RdSbsQg=
github.com/aws/aws-sdk-go-v2/service/internal/s3shared v1.13.13/go.mod h1:3RA7cs1uHkbV3f6tMYy7u0OfkyVckZBM70wUS4h1MDk=
github.com/aws/aws-sdk-go-v2/service/s3 v1.27.2/go.mod h1:u+566cosFI+d+motIz3USXEh6sN8Nq4GrNXSg2RXVMo=
github.com/aws/aws-sdk-go-v2/service/s3 v1.27.6 h1:4+iM+rBAcS9zZwQ2+Y57GgC41cRe6C8khdYfqaUT2k0=
github.com/aws/aws-sdk-go-v2/service/s3 v1.27.6/go.mod h1:orjy5IRgBQnh9EI/lMW7YGF6eYk6re8HPFbL66a2DSo=
github.com/aws/aws-sdk-go-v2/service/sso v1.11.13 h1:DQpf+al+aWozOEmVEdml67qkVZ6vdtGUi71BZZWw40k=
github.com/aws/aws-sdk-go-v2/service/sso v1.11.13/go.mod h1:d7ptRksDDgvXaUvxyHZ9SYh+iMDymm94JbVcgvSYSzU=
github.com/aws/aws-sdk-go-v2/service/sts v1.16.10 h1:7tquJrhjYz2EsCBvA9VTl+sBAAh1bv7h/sGASdZOGGo=
github.com/aws/aws-sdk-go-v2/service/sts v1.16.10/go.mod h1:cftkHYN6tCDNfkSasAmclSfl4l7cySoay8vz7p/ce0E=
github.com/aws/smithy-go v1.12.0/go.mod h1:Tg+OJXh4MB2R/uN61Ko2f6hTZwB/ZYGOtib8J3gBHzA=
github.com/aws/smithy-go v1.13.0 h1:YfyEmSJLo7fAv8FbuDK4R8F9aAmi9DZ88Zb/KJJmUl0=
github.com/aws/smithy-go v1.13.0/go.mod h1:Tg+OJXh4MB2R/uN61Ko2f6hTZwB/ZYGOtib8J3gBHzA=
github.com/davecgh/go-spew v1.1.0 h1:ZDRjVQ15GmhC3fiQ8ni8+OwkZQO4DARzQgrnXU1Liz8=
github.com/davecgh/go-spew v1.1.0/go.mod h1:J7Y8YcW2NihsgmVo/mv3lAwl/skON4iLHjSsI+c5H38=
github.com/gofiber/utils v0.1.2 h1:1SH2YEz4RlNS0tJlMJ0bGwO0JkqPqvq6TbHK9tXZKtk=
github.com/gofiber/utils v0.1.2/go.mod h1:pacRFtghAE3UoknMOUiXh2Io/nLWSUHtQCi/3QASsOc=
github.com/google/go-cmp v0.5.8 h1:e6P7q2lk1O+qJJb4BtCQXlK8vWEO8V1ZeuEdJNOqZyg=
github.com/google/go-cmp v0.5.8/go.mod h1:17dUlkBOakJ0+DkrSSNjCkIjxS6bF9zb3elmeNGIjoY=
github.com/jmespath/go-jmespath v0.4.0 h1:BEgLn5cpjn8UN1mAw4NjwDrS35OdebyEtFe+9YPoQUg=
github.com/jmespath/go-jmespath v0.4.0/go.mod h1:T8mJZnbsbmF+m6zOOFylbeCJqk5+pHWvzYPziyZiYoo=
github.com/jmespath/go-jmespath/internal/testify v1.5.1 h1:shLQSRRSCCPj3f2gpwzGwWFoC7ycTf1rcQZHOlsJ6N8=
github.com/jmespath/go-jmespath/internal/testify v1.5.1/go.mod h1:L3OGu8Wl2/fWfCI6z80xFu9LTZmf1ZRjMHUOPmWr69U=
github.com/pmezard/go-difflib v1.0.0 h1:4DBwDE0NGyQoBHbLQYPwSUPoCMWR5BEzIk/f1lZbAQM=
github.com/pmezard/go-difflib v1.0.0/go.mod h1:iKH77koFhYxTK1pcRnkKkqfTogsbg7gZNVY4sRDYZ/4=
github.com/stretchr/objx v0.1.0/go.mod h1:HFkY916IF+rwdDfMAkV7OtwuqBVzrE8GR6GFx+wExME=
gopkg.in/check.v1 v0.0.0-20161208181325-20d25e280405/go.mod h1:Co6ibVJAznAaIkqp8huTwlJQCZ016jof/cbN4VW5Yz0=
gopkg.in/yaml.v2 v2.2.8 h1:obN1ZagJSUGI0Ek/LBmuj4SNLPfIny3KsKFopxRdj10=
gopkg.in/yaml.v2 v2.2.8/go.mod h1:hI93XBmqTisBFMUTm0b8Fm+jr3Dg1NNxqwp+5A1VGuI=
